
Microsoft Visual Studio Solution File, Format Version 12.00
# Visual Studio Version 17
VisualStudioVersion = 17.9.34902.65
MinimumVisualStudioVersion = 10.0.40219.1
Project("{FAE04EC0-301F-11D3-BF4B-00C04F79EFBC}") = "Interface", "Interface\Interface.csproj", "{C6EDDA9E-B216-43A5-9B02-EE80B630AE17}"
EndProject
Global
	GlobalSection(SolutionConfigurationPlatforms) = preSolution
		Debug|Any CPU = Debug|Any CPU
		Release|Any CPU = Release|Any CPU
	EndGlobalSection
	GlobalSection(ProjectConfigurationPlatforms) = postSolution
		{C6EDDA9E-B216-43A5-9B02-EE80B630AE17}.Debug|Any CPU.ActiveCfg = Debug|Any CPU
		{C6EDDA9E-B216-43A5-9B02-EE80B630AE17}.Debug|Any CPU.Build.0 = Debug|Any CPU
		{C6EDDA9E-B216-43A5-9B02-EE80B630AE17}.Release|Any CPU.ActiveCfg = Release|Any CPU
		{C6EDDA9E-B216-43A5-9B02-EE80B630AE17}.Release|Any CPU.Build.0 = Release|Any CPU
	EndGlobalSection
	GlobalSection(SolutionProperties) = preSolution
		HideSolutionNode = FALSE
	EndGlobalSection
	GlobalSection(ExtensibilityGlobals) = postSolution
		SolutionGuid = {72FB62D7-14F4-4933-9088-0CB6F88AC339}
	EndGlobalSection
EndGlobal
